
Microsoft Visual Studio Solution File, Format Version 12.00
# Visual Studio Version 16
VisualStudioVersion = 16.0.31729.503
MinimumVisualStudioVersion = 10.0.40219.1
Project("{FAE04EC0-301F-11D3-BF4B-00C04F79EFBC}") = "SistemaGCSYNCATARI", "SistemaGCSYNCATARI.csproj", "{A1E98ED3-23A7-4466-B8DA-87C8CD008D7E}"
EndProject
Global
	GlobalSection(SolutionConfigurationPlatforms) = preSolution
		Debug|Any CPU = Debug|Any CPU
		Release|Any CPU = Release|Any CPU
	EndGlobalSection
	GlobalSection(ProjectConfigurationPlatforms) = postSolution
		{A1E98ED3-23A7-4466-B8DA-87C8CD008D7E}.Debug|Any CPU.ActiveCfg = Debug|Any CPU
		{A1E98ED3-23A7-4466-B8DA-87C8CD008D7E}.Debug|Any CPU.Build.0 = Debug|Any CPU
		{A1E98ED3-23A7-4466-B8DA-87C8CD008D7E}.Release|Any CPU.ActiveCfg = Release|Any CPU
		{A1E98ED3-23A7-4466-B8DA-87C8CD008D7E}.Release|Any CPU.Build.0 = Release|Any CPU
	EndGlobalSection
	GlobalSection(SolutionProperties) = preSolution
		HideSolutionNode = FALSE
	EndGlobalSection
	GlobalSection(ExtensibilityGlobals) = postSolution
		SolutionGuid = {3CAE05CF-EBF7-4A85-BCBB-AFA86590AA04}
	EndGlobalSection
EndGlobal
