
Microsoft Visual Studio Solution File, Format Version 12.00
# Visual Studio Version 16
VisualStudioVersion = 16.0.31729.503
MinimumVisualStudioVersion = 10.0.40219.1
Project("{FAE04EC0-301F-11D3-BF4B-00C04F79EFBC}") = "SistemaGCS", "SistemaGCS\SistemaGCS.csproj", "{EC4E798E-D294-4247-AA2F-B88A26F1C615}"
EndProject
Global
	GlobalSection(SolutionConfigurationPlatforms) = preSolution
		Debug|Any CPU = Debug|Any CPU
		Release|Any CPU = Release|Any CPU
	EndGlobalSection
	GlobalSection(ProjectConfigurationPlatforms) = postSolution
		{EC4E798E-D294-4247-AA2F-B88A26F1C615}.Debug|Any CPU.ActiveCfg = Debug|Any CPU
		{EC4E798E-D294-4247-AA2F-B88A26F1C615}.Debug|Any CPU.Build.0 = Debug|Any CPU
		{EC4E798E-D294-4247-AA2F-B88A26F1C615}.Release|Any CPU.ActiveCfg = Release|Any CPU
		{EC4E798E-D294-4247-AA2F-B88A26F1C615}.Release|Any CPU.Build.0 = Release|Any CPU
	EndGlobalSection
	GlobalSection(SolutionProperties) = preSolution
		HideSolutionNode = FALSE
	EndGlobalSection
	GlobalSection(ExtensibilityGlobals) = postSolution
		SolutionGuid = {3469C43C-12D8-4C6E-A43F-828DF3C66757}
	EndGlobalSection
EndGlobal
